
Microsoft Visual Studio Solution File, Format Version 12.00
# Visual Studio Version 16
VisualStudioVersion = 16.0.31729.503
MinimumVisualStudioVersion = 10.0.40219.1
Project("{FAE04EC0-301F-11D3-BF4B-00C04F79EFBC}") = "baslangiclar", "baslangiclar\baslangiclar.csproj", "{3FE428DC-DFB4-4A78-9B0E-53DCBC3A404B}"
EndProject
Global
	GlobalSection(SolutionConfigurationPlatforms) = preSolution
		Debug|Any CPU = Debug|Any CPU
		Release|Any CPU = Release|Any CPU
	EndGlobalSection
	GlobalSection(ProjectConfigurationPlatforms) = postSolution
		{3FE428DC-DFB4-4A78-9B0E-53DCBC3A404B}.Debug|Any CPU.ActiveCfg = Debug|Any CPU
		{3FE428DC-DFB4-4A78-9B0E-53DCBC3A404B}.Debug|Any CPU.Build.0 = Debug|Any CPU
		{3FE428DC-DFB4-4A78-9B0E-53DCBC3A404B}.Release|Any CPU.ActiveCfg = Release|Any CPU
		{3FE428DC-DFB4-4A78-9B0E-53DCBC3A404B}.Release|Any CPU.Build.0 = Release|Any CPU
	EndGlobalSection
	GlobalSection(SolutionProperties) = preSolution
		HideSolutionNode = FALSE
	EndGlobalSection
	GlobalSection(ExtensibilityGlobals) = postSolution
		SolutionGuid = {8FBA6FA3-847B-4178-B85B-1DCAF6DF5CBF}
	EndGlobalSection
EndGlobal
